
Microsoft Visual Studio Solution File, Format Version 12.00
# Visual Studio Version 17
VisualStudioVersion = 17.0.31903.59
MinimumVisualStudioVersion = 10.0.40219.1
Project("{2150E333-8FDC-42A3-9474-1A3956D46DE8}") = "src", "src", "{79ADE306-8CD5-497A-868F-137348060C20}"
EndProject
Project("{FAE04EC0-301F-11D3-BF4B-00C04F79EFBC}") = "AgentChat.Api", "AgentChat.Api\AgentChat.Api.csproj", "{80979073-6A01-46DB-AA12-A9ADA882DA92}"
EndProject
Project("{E53339B2-1760-4266-BCC7-CA923CBCF16C}") = "docker-compose", "docker-compose.dcproj", "{12C494EB-C816-45B5-BDF6-5095FD823FE3}"
EndProject
Global
	GlobalSection(SolutionConfigurationPlatforms) = preSolution
		Debug|Any CPU = Debug|Any CPU
		Release|Any CPU = Release|Any CPU
	EndGlobalSection
	GlobalSection(ProjectConfigurationPlatforms) = postSolution
		{80979073-6A01-46DB-AA12-A9ADA882DA92}.Debug|Any CPU.ActiveCfg = Debug|Any CPU
		{80979073-6A01-46DB-AA12-A9ADA882DA92}.Debug|Any CPU.Build.0 = Debug|Any CPU
		{80979073-6A01-46DB-AA12-A9ADA882DA92}.Release|Any CPU.ActiveCfg = Release|Any CPU
		{80979073-6A01-46DB-AA12-A9ADA882DA92}.Release|Any CPU.Build.0 = Release|Any CPU
		{12C494EB-C816-45B5-BDF6-5095FD823FE3}.Debug|Any CPU.ActiveCfg = Debug|Any CPU
		{12C494EB-C816-45B5-BDF6-5095FD823FE3}.Debug|Any CPU.Build.0 = Debug|Any CPU
		{12C494EB-C816-45B5-BDF6-5095FD823FE3}.Release|Any CPU.ActiveCfg = Release|Any CPU
		{12C494EB-C816-45B5-BDF6-5095FD823FE3}.Release|Any CPU.Build.0 = Release|Any CPU
	EndGlobalSection
	GlobalSection(SolutionProperties) = preSolution
		HideSolutionNode = FALSE
	EndGlobalSection
	GlobalSection(NestedProjects) = preSolution
		{80979073-6A01-46DB-AA12-A9ADA882DA92} = {79ADE306-8CD5-497A-868F-137348060C20}
	EndGlobalSection
	GlobalSection(ExtensibilityGlobals) = postSolution
		SolutionGuid = {3A6D03EC-601E-4EB5-89D3-9B4E79DCF8D2}
	EndGlobalSection
EndGlobal
